gitoa.ru/go-4devs/config v0.0.8 h1:o4p8I9jWJMfiFVVKr50IqCGj1fF+8kmSPDkH0deRvn4=
gitoa.ru/go-4devs/config v0.0.8/go.mod h1:jHKqVafFVW400LC0M4i1ifPapiI9sqpX/QTh+VMadKw=
gitoa.ru/go-4devs/console v0.2.0 h1:6lsbArs99GA8vGdnwNDThZNKjFNctNtTlSCUjhgwIpU=
gitoa.ru/go-4devs/console v0.2.0/go.mod h1:xi4Svw7T+lylckAQiJQS/2qwDwF4YbIanlhcbQrBAiI=
gitoa.ru/go-4devs/console v0.2.1-0.20260105202444-e2c6fc0a35a4 h1:zOk/59IvgUfCDL6ub6WX4hsqDK79FsZR0gf7s7t3fXM=
gitoa.ru/go-4devs/console v0.2.1-0.20260105202444-e2c6fc0a35a4/go.mod h1:PG/Zyj1dLh7eFlj9bgnV58+Ys6I/MTrS0q9W7oD7z4U=
